// !$*UTF8*$!
{
	archiveVersion = 1;
	classes = {
	};
	objectVersion = 50;
	objects = {

/* Begin PBXBuildFile section */
		B84B007721851753008EC266 /* AppDelegate.swift in Sources */ = {isa = PBXBuildFile; fileRef = B84B007621851753008EC266 /* AppDelegate.swift */; };
		B84B007C21851753008EC266 /* Main.storyboard in Resources */ = {isa = PBXBuildFile; fileRef = B84B007A21851753008EC266 /* Main.storyboard */; };
		B84B007E21851757008EC266 /* Assets.xcassets in Resources */ = {isa = PBXBuildFile; fileRef = B84B007D21851757008EC266 /* Assets.xcassets */; };
		B84B008121851757008EC266 /* LaunchScreen.storyboard in Resources */ = {isa = PBXBuildFile; fileRef = B84B007F21851757008EC266 /* LaunchScreen.storyboard */; };
		B84B008C21851757008EC266 /* todoAppTests.swift in Sources */ = {isa = PBXBuildFile; fileRef = B84B008B21851757008EC266 /* todoAppTests.swift */; };
		B84B009B2185314C008EC266 /* DoneViewController.swift in Sources */ = {isa = PBXBuildFile; fileRef = B84B009A2185314C008EC266 /* DoneViewController.swift */; };
		B84B009D21853162008EC266 /* TodoViewController.swift in Sources */ = {isa = PBXBuildFile; fileRef = B84B009C21853162008EC266 /* TodoViewController.swift */; };
		B84B00A121855CEB008EC266 /* TodoTaskModel.swift in Sources */ = {isa = PBXBuildFile; fileRef = B84B00A021855CEB008EC266 /* TodoTaskModel.swift */; };
		B84B00A32186695C008EC266 /* SaveTask.swift in Sources */ = {isa = PBXBuildFile; fileRef = B84B00A22186695C008EC266 /* SaveTask.swift */; };
		B8835A85218FF603000DD021 /* TodoTests.swift in Sources */ = {isa = PBXBuildFile; fileRef = B8835A84218FF603000DD021 /* TodoTests.swift */; };
/* End PBXBuildFile section */

/* Begin PBXContainerItemProxy section */
		B84B008821851757008EC266 /* PBXContainerItemProxy */ = {
			isa = PBXContainerItemProxy;
			containerPortal = B84B006B21851753008EC266 /* Project object */;
			proxyType = 1;
			remoteGlobalIDString = B84B007221851753008EC266;
			remoteInfo = todoApp;
		};
		B8835A7B218FE300000DD021 /* PBXContainerItemProxy */ = {
			isa = PBXContainerItemProxy;
			containerPortal = B84B006B21851753008EC266 /* Project object */;
			proxyType = 1;
			remoteGlobalIDString = B84B007221851753008EC266;
			remoteInfo = todoApp;
		};
/* End PBXContainerItemProxy section */

/* Begin PBXFileReference section */
		B84B007321851753008EC266 /* todoApp.app */ = {isa = PBXFileReference; explicitFileType = wrapper.application; includeInIndex = 0; path = todoApp.app; sourceTree = BUILT_PRODUCTS_DIR; };
		B84B007621851753008EC266 /* AppDelegate.swift */ = {isa = PBXFileReference; lastKnownFileType = sourcecode.swift; path = AppDelegate.swift; sourceTree = "<group>"; };
		B84B007B21851753008EC266 /* Base */ = {isa = PBXFileReference; lastKnownFileType = file.storyboard; name = Base; path = Base.lproj/Main.storyboard; sourceTree = "<group>"; };
		B84B007D21851757008EC266 /* Assets.xcassets */ = {isa = PBXFileReference; lastKnownFileType = folder.assetcatalog; path = Assets.xcassets; sourceTree = "<group>"; };
		B84B008021851757008EC266 /* Base */ = {isa = PBXFileReference; lastKnownFileType = file.storyboard; name = Base; path = Base.lproj/LaunchScreen.storyboard; sourceTree = "<group>"; };
		B84B008221851757008EC266 /* Info.plist */ = {isa = PBXFileReference; lastKnownFileType = text.plist.xml; path = Info.plist; sourceTree = "<group>"; };
		B84B008721851757008EC266 /* todoAppTests.xctest */ = {isa = PBXFileReference; explicitFileType = wrapper.cfbundle; includeInIndex = 0; path = todoAppTests.xctest; sourceTree = BUILT_PRODUCTS_DIR; };
		B84B008B21851757008EC266 /* todoAppTests.swift */ = {isa = PBXFileReference; lastKnownFileType = sourcecode.swift; path = todoAppTests.swift; sourceTree = "<group>"; };
		B84B008D21851757008EC266 /* Info.plist */ = {isa = PBXFileReference; lastKnownFileType = text.plist.xml; path = Info.plist; sourceTree = "<group>"; };
		B84B009A2185314C008EC266 /* DoneViewController.swift */ = {isa = PBXFileReference; lastKnownFileType = sourcecode.swift; path = DoneViewController.swift; sourceTree = "<group>"; };
		B84B009C21853162008EC266 /* TodoViewController.swift */ = {isa = PBXFileReference; lastKnownFileType = sourcecode.swift; path = TodoViewController.swift; sourceTree = "<group>"; };
		B84B00A021855CEB008EC266 /* TodoTaskModel.swift */ = {isa = PBXFileReference; fileEncoding = 4; lastKnownFileType = sourcecode.swift; path = TodoTaskModel.swift; sourceTree = "<group>"; };
		B84B00A22186695C008EC266 /* SaveTask.swift */ = {isa = PBXFileReference; lastKnownFileType = sourcecode.swift; path = SaveTask.swift; sourceTree = "<group>"; };
		B8835A76218FE2FF000DD021 /* todoAppUITests.xctest */ = {isa = PBXFileReference; explicitFileType = wrapper.cfbundle; includeInIndex = 0; path = todoAppUITests.xctest; sourceTree = BUILT_PRODUCTS_DIR; };
		B8835A84218FF603000DD021 /* TodoTests.swift */ = {isa = PBXFileReference; lastKnownFileType = sourcecode.swift; path = TodoTests.swift; sourceTree = "<group>"; };
/* End PBXFileReference section */

/* Begin PBXFrameworksBuildPhase section */
		B84B007021851753008EC266 /* Frameworks */ = {
			isa = PBXFrameworksBuildPhase;
			buildActionMask = 2147483647;
			files = (
			);
			runOnlyForDeploymentPostprocessing = 0;
		};
		B84B008421851757008EC266 /* Frameworks */ = {
			isa = PBXFrameworksBuildPhase;
			buildActionMask = 2147483647;
			files = (
			);
			runOnlyForDeploymentPostprocessing = 0;
		};
		B8835A73218FE2FF000DD021 /* Frameworks */ = {
			isa = PBXFrameworksBuildPhase;
			buildActionMask = 2147483647;
			files = (
			);
			runOnlyForDeploymentPostprocessing = 0;
		};
/* End PBXFrameworksBuildPhase section */

/* Begin PBXGroup section */
		B84B006A21851753008EC266 = {
			isa = PBXGroup;
			children = (
				B84B007521851753008EC266 /* todoApp */,
				B84B008A21851757008EC266 /* todoAppTests */,
				B84B007421851753008EC266 /* Products */,
			);
			sourceTree = "<group>";
		};
		B84B007421851753008EC266 /* Products */ = {
			isa = PBXGroup;
			children = (
				B84B007321851753008EC266 /* todoApp.app */,
				B84B008721851757008EC266 /* todoAppTests.xctest */,
				B8835A76218FE2FF000DD021 /* todoAppUITests.xctest */,
			);
			name = Products;
			sourceTree = "<group>";
		};
		B84B007521851753008EC266 /* todoApp */ = {
			isa = PBXGroup;
			children = (
				B84B007621851753008EC266 /* AppDelegate.swift */,
				B84B007A21851753008EC266 /* Main.storyboard */,
				B84B009A2185314C008EC266 /* DoneViewController.swift */,
				B84B009C21853162008EC266 /* TodoViewController.swift */,
				B84B00A021855CEB008EC266 /* TodoTaskModel.swift */,
				B84B007D21851757008EC266 /* Assets.xcassets */,
				B84B007F21851757008EC266 /* LaunchScreen.storyboard */,
				B84B008221851757008EC266 /* Info.plist */,
				B84B00A22186695C008EC266 /* SaveTask.swift */,
			);
			path = todoApp;
			sourceTree = "<group>";
		};
		B84B008A21851757008EC266 /* todoAppTests */ = {
			isa = PBXGroup;
			children = (
				B84B008B21851757008EC266 /* todoAppTests.swift */,
				B8835A84218FF603000DD021 /* TodoTests.swift */,
				B84B008D21851757008EC266 /* Info.plist */,
			);
			path = todoAppTests;
			sourceTree = "<group>";
		};
/* End PBXGroup section */

/* Begin PBXNativeTarget section */
		B84B007221851753008EC266 /* todoApp */ = {
			isa = PBXNativeTarget;
			buildConfigurationList = B84B009021851757008EC266 /* Build configuration list for PBXNativeTarget "todoApp" */;
			buildPhases = (
				B84B006F21851753008EC266 /* Sources */,
				B84B007021851753008EC266 /* Frameworks */,
				B84B007121851753008EC266 /* Resources */,
			);
			buildRules = (
			);
			dependencies = (
			);
			name = todoApp;
			productName = todoApp;
			productReference = B84B007321851753008EC266 /* todoApp.app */;
			productType = "com.apple.product-type.application";
		};
		B84B008621851757008EC266 /* todoAppTests */ = {
			isa = PBXNativeTarget;
			buildConfigurationList = B84B009321851757008EC266 /* Build configuration list for PBXNativeTarget "todoAppTests" */;
			buildPhases = (
				B84B008321851757008EC266 /* Sources */,
				B84B008421851757008EC266 /* Frameworks */,
				B84B008521851757008EC266 /* Resources */,
			);
			buildRules = (
			);
			dependencies = (
				B84B008921851757008EC266 /* PBXTargetDependency */,
			);
			name = todoAppTests;
			productName = todoAppTests;
			productReference = B84B008721851757008EC266 /* todoAppTests.xctest */;
			productType = "com.apple.product-type.bundle.unit-test";
		};
		B8835A75218FE2FF000DD021 /* todoAppUITests */ = {
			isa = PBXNativeTarget;
			buildConfigurationList = B8835A7F218FE300000DD021 /* Build configuration list for PBXNativeTarget "todoAppUITests" */;
			buildPhases = (
				B8835A72218FE2FF000DD021 /* Sources */,
				B8835A73218FE2FF000DD021 /* Frameworks */,
				B8835A74218FE2FF000DD021 /* Resources */,
			);
			buildRules = (
			);
			dependencies = (
				B8835A7C218FE300000DD021 /* PBXTargetDependency */,
			);
			name = todoAppUITests;
			productName = todoAppUITests;
			productReference = B8835A76218FE2FF000DD021 /* todoAppUITests.xctest */;
			productType = "com.apple.product-type.bundle.ui-testing";
		};
/* End PBXNativeTarget section */

/* Begin PBXProject section */
		B84B006B21851753008EC266 /* Project object */ = {
			isa = PBXProject;
			attributes = {
				LastSwiftUpdateCheck = 1010;
				LastUpgradeCheck = 1000;
				ORGANIZATIONNAME = "Raul Serrano";
				TargetAttributes = {
					B84B007221851753008EC266 = {
						CreatedOnToolsVersion = 10.0;
					};
					B84B008621851757008EC266 = {
						CreatedOnToolsVersion = 10.0;
						TestTargetID = B84B007221851753008EC266;
					};
					B8835A75218FE2FF000DD021 = {
						CreatedOnToolsVersion = 10.1;
						TestTargetID = B84B007221851753008EC266;
					};
				};
			};
			buildConfigurationList = B84B006E21851753008EC266 /* Build configuration list for PBXProject "todoApp" */;
			compatibilityVersion = "Xcode 9.3";
			developmentRegion = en;
			hasScannedForEncodings = 0;
			knownRegions = (
				en,
				Base,
			);
			mainGroup = B84B006A21851753008EC266;
			productRefGroup = B84B007421851753008EC266 /* Products */;
			projectDirPath = "";
			projectRoot = "";
			targets = (
				B84B007221851753008EC266 /* todoApp */,
				B84B008621851757008EC266 /* todoAppTests */,
				B8835A75218FE2FF000DD021 /* todoAppUITests */,
			);
		};
/* End PBXProject section */

/* Begin PBXResourcesBuildPhase section */
		B84B007121851753008EC266 /* Resources */ = {
			isa = PBXResourcesBuildPhase;
			buildActionMask = 2147483647;
			files = (
				B84B008121851757008EC266 /* LaunchScreen.storyboard in Resources */,
				B84B007E21851757008EC266 /* Assets.xcassets in Resources */,
				B84B007C21851753008EC266 /* Main.storyboard in Resources */,
			);
			runOnlyForDeploymentPostprocessing = 0;
		};
		B84B008521851757008EC266 /* Resources */ = {
			isa = PBXResourcesBuildPhase;
			buildActionMask = 2147483647;
			files = (
			);
			runOnlyForDeploymentPostprocessing = 0;
		};
		B8835A74218FE2FF000DD021 /* Resources */ = {
			isa = PBXResourcesBuildPhase;
			buildActionMask = 2147483647;
			files = (
			);
			runOnlyForDeploymentPostprocessing = 0;
		};
/* End PBXResourcesBuildPhase section */

/* Begin PBXSourcesBuildPhase section */
		B84B006F21851753008EC266 /* Sources */ = {
			isa = PBXSourcesBuildPhase;
			buildActionMask = 2147483647;
			files = (
				B84B009B2185314C008EC266 /* DoneViewController.swift in Sources */,
				B84B00A32186695C008EC266 /* SaveTask.swift in Sources */,
				B84B009D21853162008EC266 /* TodoViewController.swift in Sources */,
				B84B00A121855CEB008EC266 /* TodoTaskModel.swift in Sources */,
				B84B007721851753008EC266 /* AppDelegate.swift in Sources */,
			);
			runOnlyForDeploymentPostprocessing = 0;
		};
		B84B008321851757008EC266 /* Sources */ = {
			isa = PBXSourcesBuildPhase;
			buildActionMask = 2147483647;
			files = (
				B84B008C21851757008EC266 /* todoAppTests.swift in Sources */,
				B8835A85218FF603000DD021 /* TodoTests.swift in Sources */,
			);
			runOnlyForDeploymentPostprocessing = 0;
		};
		B8835A72218FE2FF000DD021 /* Sources */ = {
			isa = PBXSourcesBuildPhase;
			buildActionMask = 2147483647;
			files = (
			);
			runOnlyForDeploymentPostprocessing = 0;
		};
/* End PBXSourcesBuildPhase section */

/* Begin PBXTargetDependency section */
		B84B008921851757008EC266 /* PBXTargetDependency */ = {
			isa = PBXTargetDependency;
			target = B84B007221851753008EC266 /* todoApp */;
			targetProxy = B84B008821851757008EC266 /* PBXContainerItemProxy */;
		};
		B8835A7C218FE300000DD021 /* PBXTargetDependency */ = {
			isa = PBXTargetDependency;
			target = B84B007221851753008EC266 /* todoApp */;
			targetProxy = B8835A7B218FE300000DD021 /* PBXContainerItemProxy */;
		};
/* End PBXTargetDependency section */

/* Begin PBXVariantGroup section */
		B84B007A21851753008EC266 /* Main.storyboard */ = {
			isa = PBXVariantGroup;
			children = (
				B84B007B21851753008EC266 /* Base */,
			);
			name = Main.storyboard;
			sourceTree = "<group>";
		};
		B84B007F21851757008EC266 /* LaunchScreen.storyboard */ = {
			isa = PBXVariantGroup;
			children = (
				B84B008021851757008EC266 /* Base */,
			);
			name = LaunchScreen.storyboard;
			sourceTree = "<group>";
		};
/* End PBXVariantGroup section */

/* Begin XCBuildConfiguration section */
		B84B008E21851757008EC266 /* Debug */ = {
			isa = XCBuildConfiguration;
			buildSettings = {
				ALWAYS_SEARCH_USER_PATHS = NO;
				CLANG_ANALYZER_NONNULL = YES;
				CLANG_ANALYZER_NUMBER_OBJECT_CONVERSION = YES_AGGRESSIVE;
				CLANG_CXX_LANGUAGE_STANDARD = "gnu++14";
				CLANG_CXX_LIBRARY = "libc++";
				CLANG_ENABLE_MODULES = YES;
				CLANG_ENABLE_OBJC_ARC = YES;
				CLANG_ENABLE_OBJC_WEAK = YES;
				CLANG_WARN_BLOCK_CAPTURE_AUTORELEASING = YES;
				CLANG_WARN_BOOL_CONVERSION = YES;
				CLANG_WARN_COMMA = YES;
				CLANG_WARN_CONSTANT_CONVERSION = YES;
				CLANG_WARN_DEPRECATED_OBJC_IMPLEMENTATIONS = YES;
				CLANG_WARN_DIRECT_OBJC_ISA_USAGE = YES_ERROR;
				CLANG_WARN_DOCUMENTATION_COMMENTS = YES;
				CLANG_WARN_EMPTY_BODY = YES;
				CLANG_WARN_ENUM_CONVERSION = YES;
				CLANG_WARN_INFINITE_RECURSION = YES;
				CLANG_WARN_INT_CONVERSION = YES;
				CLANG_WARN_NON_LITERAL_NULL_CONVERSION = YES;
				CLANG_WARN_OBJC_IMPLICIT_RETAIN_SELF = YES;
				CLANG_WARN_OBJC_LITERAL_CONVERSION = YES;
				CLANG_WARN_OBJC_ROOT_CLASS = YES_ERROR;
				CLANG_WARN_RANGE_LOOP_ANALYSIS = YES;
				CLANG_WARN_STRICT_PROTOTYPES = YES;
				CLANG_WARN_SUSPICIOUS_MOVE = YES;
				CLANG_WARN_UNGUARDED_AVAILABILITY = YES_AGGRESSIVE;
				CLANG_WARN_UNREACHABLE_CODE = YES;
				CLANG_WARN__DUPLICATE_METHOD_MATCH = YES;
				CODE_SIGN_IDENTITY = "iPhone Developer";
				COPY_PHASE_STRIP = NO;
				DEBUG_INFORMATION_FORMAT = dwarf;
				ENABLE_STRICT_OBJC_MSGSEND = YES;
				ENABLE_TESTABILITY = YES;
				GCC_C_LANGUAGE_STANDARD = gnu11;
				GCC_DYNAMIC_NO_PIC = NO;
				GCC_NO_COMMON_BLOCKS = YES;
				GCC_OPTIMIZATION_LEVEL = 0;
				GCC_PREPROCESSOR_DEFINITIONS = (
					"DEBUG=1",
					"$(inherited)",
				);
				GCC_WARN_64_TO_32_BIT_CONVERSION = YES;
				GCC_WARN_ABOUT_RETURN_TYPE = YES_ERROR;
				GCC_WARN_UNDECLARED_SELECTOR = YES;
				GCC_WARN_UNINITIALIZED_AUTOS = YES_AGGRESSIVE;
				GCC_WARN_UNUSED_FUNCTION = YES;
				GCC_WARN_UNUSED_VARIABLE = YES;
				IPHONEOS_DEPLOYMENT_TARGET = 12.0;
				MTL_ENABLE_DEBUG_INFO = INCLUDE_SOURCE;
				MTL_FAST_MATH = YES;
				ONLY_ACTIVE_ARCH = YES;
				SDKROOT = iphoneos;
				SWIFT_ACTIVE_COMPILATION_CONDITIONS = DEBUG;
				SWIFT_OPTIMIZATION_LEVEL = "-Onone";
			};
			name = Debug;
		};
		B84B008F21851757008EC266 /* Release */ = {
			isa = XCBuildConfiguration;
			buildSettings = {
				ALWAYS_SEARCH_USER_PATHS = NO;
				CLANG_ANALYZER_NONNULL = YES;
				CLANG_ANALYZER_NUMBER_OBJECT_CONVERSION = YES_AGGRESSIVE;
				CLANG_CXX_LANGUAGE_STANDARD = "gnu++14";
				CLANG_CXX_LIBRARY = "libc++";
				CLANG_ENABLE_MODULES = YES;
				CLANG_ENABLE_OBJC_ARC = YES;
				CLANG_ENABLE_OBJC_WEAK = YES;
				CLANG_WARN_BLOCK_CAPTURE_AUTORELEASING = YES;
				CLANG_WARN_BOOL_CONVERSION = YES;
				CLANG_WARN_COMMA = YES;
				CLANG_WARN_CONSTANT_CONVERSION = YES;
				CLANG_WARN_DEPRECATED_OBJC_IMPLEMENTATIONS = YES;
				CLANG_WARN_DIRECT_OBJC_ISA_USAGE = YES_ERROR;
				CLANG_WARN_DOCUMENTATION_COMMENTS = YES;
				CLANG_WARN_EMPTY_BODY = YES;
				CLANG_WARN_ENUM_CONVERSION = YES;
				CLANG_WARN_INFINITE_RECURSION = YES;
				CLANG_WARN_INT_CONVERSION = YES;
				CLANG_WARN_NON_LITERAL_NULL_CONVERSION = YES;
				CLANG_WARN_OBJC_IMPLICIT_RETAIN_SELF = YES;
				CLANG_WARN_OBJC_LITERAL_CONVERSION = YES;
				CLANG_WARN_OBJC_ROOT_CLASS = YES_ERROR;
				CLANG_WARN_RANGE_LOOP_ANALYSIS = YES;
				CLANG_WARN_STRICT_PROTOTYPES = YES;
				CLANG_WARN_SUSPICIOUS_MOVE = YES;
				CLANG_WARN_UNGUARDED_AVAILABILITY = YES_AGGRESSIVE;
				CLANG_WARN_UNREACHABLE_CODE = YES;
				CLANG_WARN__DUPLICATE_METHOD_MATCH = YES;
				CODE_SIGN_IDENTITY = "iPhone Developer";
				COPY_PHASE_STRIP = NO;
				DEBUG_INFORMATION_FORMAT = "dwarf-with-dsym";
				ENABLE_NS_ASSERTIONS = NO;
				ENABLE_STRICT_OBJC_MSGSEND = YES;
				GCC_C_LANGUAGE_STANDARD = gnu11;
				GCC_NO_COMMON_BLOCKS = YES;
				GCC_WARN_64_TO_32_BIT_CONVERSION = YES;
				GCC_WARN_ABOUT_RETURN_TYPE = YES_ERROR;
				GCC_WARN_UNDECLARED_SELECTOR = YES;
				GCC_WARN_UNINITIALIZED_AUTOS = YES_AGGRESSIVE;
				GCC_WARN_UNUSED_FUNCTION = YES;
				GCC_WARN_UNUSED_VARIABLE = YES;
				IPHONEOS_DEPLOYMENT_TARGET = 12.0;
				MTL_ENABLE_DEBUG_INFO = NO;
				MTL_FAST_MATH = YES;
				SDKROOT = iphoneos;
				SWIFT_COMPILATION_MODE = wholemodule;
				SWIFT_OPTIMIZATION_LEVEL = "-O";
				VALIDATE_PRODUCT = YES;
			};
			name = Release;
		};
		B84B009121851757008EC266 /* Debug */ = {
			isa = XCBuildConfiguration;
			buildSettings = {
				ASSETCATALOG_COMPILER_APPICON_NAME = AppIcon;
				CODE_SIGN_STYLE = Automatic;
				DEVELOPMENT_TEAM = 9X67S7EQPQ;
				INFOPLIST_FILE = todoApp/Info.plist;
				LD_RUNPATH_SEARCH_PATHS = (
					"$(inherited)",
					"@executable_path/Frameworks",
				);
				PRODUCT_BUNDLE_IDENTIFIER = none.todoApp;
				PRODUCT_NAME = "$(TARGET_NAME)";
				SWIFT_VERSION = 4.2;
				TARGETED_DEVICE_FAMILY = "1,2";
			};
			name = Debug;
		};
		B84B009221851757008EC266 /* Release */ = {
			isa = XCBuildConfiguration;
			buildSettings = {
				ASSETCATALOG_COMPILER_APPICON_NAME = AppIcon;
				CODE_SIGN_STYLE = Automatic;
				DEVELOPMENT_TEAM = 9X67S7EQPQ;
				INFOPLIST_FILE = todoApp/Info.plist;
				LD_RUNPATH_SEARCH_PATHS = (
					"$(inherited)",
					"@executable_path/Frameworks",
				);
				PRODUCT_BUNDLE_IDENTIFIER = none.todoApp;
				PRODUCT_NAME = "$(TARGET_NAME)";
				SWIFT_VERSION = 4.2;
				TARGETED_DEVICE_FAMILY = "1,2";
			};
			name = Release;
		};
		B84B009421851757008EC266 /* Debug */ = {
			isa = XCBuildConfiguration;
			buildSettings = {
				ALWAYS_EMBED_SWIFT_STANDARD_LIBRARIES = YES;
				BUNDLE_LOADER = "$(TEST_HOST)";
				CODE_SIGN_STYLE = Automatic;
				DEVELOPMENT_TEAM = 9X67S7EQPQ;
				INFOPLIST_FILE = todoAppTests/Info.plist;
				LD_RUNPATH_SEARCH_PATHS = (
					"$(inherited)",
					"@executable_path/Frameworks",
					"@loader_path/Frameworks",
				);
				PRODUCT_BUNDLE_IDENTIFIER = none.todoAppTests;
				PRODUCT_NAME = "$(TARGET_NAME)";
				SWIFT_VERSION = 4.2;
				TARGETED_DEVICE_FAMILY = "1,2";
				TEST_HOST = "$(BUILT_PRODUCTS_DIR)/todoApp.app/todoApp";
			};
			name = Debug;
		};
		B84B009521851757008EC266 /* Release */ = {
			isa = XCBuildConfiguration;
			buildSettings = {
				ALWAYS_EMBED_SWIFT_STANDARD_LIBRARIES = YES;
				BUNDLE_LOADER = "$(TEST_HOST)";
				CODE_SIGN_STYLE = Automatic;
				DEVELOPMENT_TEAM = 9X67S7EQPQ;
				INFOPLIST_FILE = todoAppTests/Info.plist;
				LD_RUNPATH_SEARCH_PATHS = (
					"$(inherited)",
					"@executable_path/Frameworks",
					"@loader_path/Frameworks",
				);
				PRODUCT_BUNDLE_IDENTIFIER = none.todoAppTests;
				PRODUCT_NAME = "$(TARGET_NAME)";
				SWIFT_VERSION = 4.2;
				TARGETED_DEVICE_FAMILY = "1,2";
				TEST_HOST = "$(BUILT_PRODUCTS_DIR)/todoApp.app/todoApp";
			};
			name = Release;
		};
		B8835A7D218FE300000DD021 /* Debug */ = {
			isa = XCBuildConfiguration;
			buildSettings = {
				CODE_SIGN_STYLE = Automatic;
				DEVELOPMENT_TEAM = 9X67S7EQPQ;
				INFOPLIST_FILE = todoAppUITests/Info.plist;
				IPHONEOS_DEPLOYMENT_TARGET = 12.1;
				LD_RUNPATH_SEARCH_PATHS = (
					"$(inherited)",
					"@executable_path/Frameworks",
					"@loader_path/Frameworks",
				);
				PRODUCT_BUNDLE_IDENTIFIER = none.todoAppUITests;
				PRODUCT_NAME = "$(TARGET_NAME)";
				SWIFT_VERSION = 4.2;
				TARGETED_DEVICE_FAMILY = "1,2";
				TEST_TARGET_NAME = todoApp;
			};
			name = Debug;
		};
		B8835A7E218FE300000DD021 /* Release */ = {
			isa = XCBuildConfiguration;
			buildSettings = {
				CODE_SIGN_STYLE = Automatic;
				DEVELOPMENT_TEAM = 9X67S7EQPQ;
				INFOPLIST_FILE = todoAppUITests/Info.plist;
				IPHONEOS_DEPLOYMENT_TARGET = 12.1;
				LD_RUNPATH_SEARCH_PATHS = (
					"$(inherited)",
					"@executable_path/Frameworks",
					"@loader_path/Frameworks",
				);
				PRODUCT_BUNDLE_IDENTIFIER = none.todoAppUITests;
				PRODUCT_NAME = "$(TARGET_NAME)";
				SWIFT_VERSION = 4.2;
				TARGETED_DEVICE_FAMILY = "1,2";
				TEST_TARGET_NAME = todoApp;
			};
			name = Release;
		};
/* End XCBuildConfiguration section */

/* Begin XCConfigurationList section */
		B84B006E21851753008EC266 /* Build configuration list for PBXProject "todoApp" */ = {
			isa = XCConfigurationList;
			buildConfigurations = (
				B84B008E21851757008EC266 /* Debug */,
				B84B008F21851757008EC266 /* Release */,
			);
			defaultConfigurationIsVisible = 0;
			defaultConfigurationName = Release;
		};
		B84B009021851757008EC266 /* Build configuration list for PBXNativeTarget "todoApp" */ = {
			isa = XCConfigurationList;
			buildConfigurations = (
				B84B009121851757008EC266 /* Debug */,
				B84B009221851757008EC266 /* Release */,
			);
			defaultConfigurationIsVisible = 0;
			defaultConfigurationName = Release;
		};
		B84B009321851757008EC266 /* Build configuration list for PBXNativeTarget "todoAppTests" */ = {
			isa = XCConfigurationList;
			buildConfigurations = (
				B84B009421851757008EC266 /* Debug */,
				B84B009521851757008EC266 /* Release */,
			);
			defaultConfigurationIsVisible = 0;
			defaultConfigurationName = Release;
		};
		B8835A7F218FE300000DD021 /* Build configuration list for PBXNativeTarget "todoAppUITests" */ = {
			isa = XCConfigurationList;
			buildConfigurations = (
				B8835A7D218FE300000DD021 /* Debug */,
				B8835A7E218FE300000DD021 /* Release */,
			);
			defaultConfigurationIsVisible = 0;
			defaultConfigurationName = Release;
		};
/* End XCConfigurationList section */
	};
	rootObject = B84B006B21851753008EC266 /* Project object */;
}
